
Microsoft Visual Studio Solution File, Format Version 12.00
# Visual Studio 2012
Project("{FAE04EC0-301F-11D3-BF4B-00C04F79EFBC}") = "Core", "Core\Core.csproj", "{CEDF11EA-B0BC-4F4E-AA05-2B89E5CC4E21}"
EndProject
Project("{FAE04EC0-301F-11D3-BF4B-00C04F79EFBC}") = "MediaReign.Core", "MediaReign.Core\MediaReign.Core.csproj", "{8BE05C02-2183-4825-B68D-F37C4C8FBF43}"
EndProject
Project("{FAE04EC0-301F-11D3-BF4B-00C04F79EFBC}") = "Tests", "Tests\Tests.csproj", "{FA2D4846-93B3-42A8-A125-6D1147E8BA5F}"
EndProject
Project("{FAE04EC0-301F-11D3-BF4B-00C04F79EFBC}") = "MediaReign.TVDB", "MediaReign.TVDB\MediaReign.TVDB.csproj", "{B825AA41-99D4-4856-8BC1-F72D8FFBEF15}"
EndProject
Project("{FAE04EC0-301F-11D3-BF4B-00C04F79EFBC}") = "WPF", "WPF\WPF.csproj", "{086FBDF2-73BF-4FDC-91EB-99A8C8D7A6E2}"
EndProject
Project("{FAE04EC0-301F-11D3-BF4B-00C04F79EFBC}") = "Torrents", "Torrents\Torrents.csproj", "{12CB3A7A-BABC-442F-B979-D154B18061B6}"
EndProject
Project("{2150E333-8FDC-42A3-9474-1A3956D46DE8}") = ".nuget", ".nuget", "{3404D327-BA1F-4E9B-B62A-EA61B8D0E427}"
	ProjectSection(SolutionItems) = preProject
		.nuget\NuGet.Config = .nuget\NuGet.Config
		.nuget\NuGet.exe = .nuget\NuGet.exe
		.nuget\NuGet.targets = .nuget\NuGet.targets
	EndProjectSection
EndProject
Global
	GlobalSection(SolutionConfigurationPlatforms) = preSolution
		Debug|Any CPU = Debug|Any CPU
		Release|Any CPU = Release|Any CPU
	EndGlobalSection
	GlobalSection(ProjectConfigurationPlatforms) = postSolution
		{CEDF11EA-B0BC-4F4E-AA05-2B89E5CC4E21}.Debug|Any CPU.ActiveCfg = Debug|Any CPU
		{CEDF11EA-B0BC-4F4E-AA05-2B89E5CC4E21}.Debug|Any CPU.Build.0 = Debug|Any CPU
		{CEDF11EA-B0BC-4F4E-AA05-2B89E5CC4E21}.Release|Any CPU.ActiveCfg = Release|Any CPU
		{CEDF11EA-B0BC-4F4E-AA05-2B89E5CC4E21}.Release|Any CPU.Build.0 = Release|Any CPU
		{8BE05C02-2183-4825-B68D-F37C4C8FBF43}.Debug|Any CPU.ActiveCfg = Debug|Any CPU
		{8BE05C02-2183-4825-B68D-F37C4C8FBF43}.Debug|Any CPU.Build.0 = Debug|Any CPU
		{8BE05C02-2183-4825-B68D-F37C4C8FBF43}.Release|Any CPU.ActiveCfg = Release|Any CPU
		{8BE05C02-2183-4825-B68D-F37C4C8FBF43}.Release|Any CPU.Build.0 = Release|Any CPU
		{FA2D4846-93B3-42A8-A125-6D1147E8BA5F}.Debug|Any CPU.ActiveCfg = Debug|Any CPU
		{FA2D4846-93B3-42A8-A125-6D1147E8BA5F}.Debug|Any CPU.Build.0 = Debug|Any CPU
		{FA2D4846-93B3-42A8-A125-6D1147E8BA5F}.Release|Any CPU.ActiveCfg = Release|Any CPU
		{FA2D4846-93B3-42A8-A125-6D1147E8BA5F}.Release|Any CPU.Build.0 = Release|Any CPU
		{B825AA41-99D4-4856-8BC1-F72D8FFBEF15}.Debug|Any CPU.ActiveCfg = Debug|Any CPU
		{B825AA41-99D4-4856-8BC1-F72D8FFBEF15}.Debug|Any CPU.Build.0 = Debug|Any CPU
		{B825AA41-99D4-4856-8BC1-F72D8FFBEF15}.Release|Any CPU.ActiveCfg = Release|Any CPU
		{B825AA41-99D4-4856-8BC1-F72D8FFBEF15}.Release|Any CPU.Build.0 = Release|Any CPU
		{086FBDF2-73BF-4FDC-91EB-99A8C8D7A6E2}.Debug|Any CPU.ActiveCfg = Debug|Any CPU
		{086FBDF2-73BF-4FDC-91EB-99A8C8D7A6E2}.Debug|Any CPU.Build.0 = Debug|Any CPU
		{086FBDF2-73BF-4FDC-91EB-99A8C8D7A6E2}.Release|Any CPU.ActiveCfg = Release|Any CPU
		{086FBDF2-73BF-4FDC-91EB-99A8C8D7A6E2}.Release|Any CPU.Build.0 = Release|Any CPU
		{12CB3A7A-BABC-442F-B979-D154B18061B6}.Debug|Any CPU.ActiveCfg = Debug|Any CPU
		{12CB3A7A-BABC-442F-B979-D154B18061B6}.Debug|Any CPU.Build.0 = Debug|Any CPU
		{12CB3A7A-BABC-442F-B979-D154B18061B6}.Release|Any CPU.ActiveCfg = Release|Any CPU
		{12CB3A7A-BABC-442F-B979-D154B18061B6}.Release|Any CPU.Build.0 = Release|Any CPU
	EndGlobalSection
	GlobalSection(SolutionProperties) = preSolution
		HideSolutionNode = FALSE
	EndGlobalSection
EndGlobal
